
Microsoft Visual Studio Solution File, Format Version 12.00
# Visual Studio Version 17
VisualStudioVersion = 17.4.33110.190
MinimumVisualStudioVersion = 10.0.40219.1
Project("{FAE04EC0-301F-11D3-BF4B-00C04F79EFBC}") = "Fibonacci series", "Fibonacci series.csproj", "{AFD51CC0-599F-43E2-B139-5759D5B13DCC}"
EndProject
Global
	GlobalSection(SolutionConfigurationPlatforms) = preSolution
		Debug|Any CPU = Debug|Any CPU
		Release|Any CPU = Release|Any CPU
	EndGlobalSection
	GlobalSection(ProjectConfigurationPlatforms) = postSolution
		{AFD51CC0-599F-43E2-B139-5759D5B13DCC}.Debug|Any CPU.ActiveCfg = Debug|Any CPU
		{AFD51CC0-599F-43E2-B139-5759D5B13DCC}.Debug|Any CPU.Build.0 = Debug|Any CPU
		{AFD51CC0-599F-43E2-B139-5759D5B13DCC}.Release|Any CPU.ActiveCfg = Release|Any CPU
		{AFD51CC0-599F-43E2-B139-5759D5B13DCC}.Release|Any CPU.Build.0 = Release|Any CPU
	EndGlobalSection
	GlobalSection(SolutionProperties) = preSolution
		HideSolutionNode = FALSE
	EndGlobalSection
	GlobalSection(ExtensibilityGlobals) = postSolution
		SolutionGuid = {ACF55BA0-5B4A-497B-8DA2-C1EF05C8CD52}
	EndGlobalSection
EndGlobal
